{
  "name": "new-abp",
  "lockfileVersion": 3,
  "requires": true,
  "packages": {
    "": {
      "devDependencies": {
        "@types/antd": "^0.12.32",
        "@types/axios": "^0.9.36"
      }
    },
    "node_modules/@types/antd": {
      "version": "0.12.32",
      "resolved": "https://mirrors.tencent.com/npm/@types/antd/-/antd-0.12.32.tgz",
      "integrity": "sha512-PcCbMdpxoZ1BCTe2sQtVoSurgdVxYjln6a0eqlAGKG38Lb/J28jOIOCB8htoCIvSgpBRReoouxB6ZPSOSbV3lg==",
      "dev": true,
      "license": "MIT",
      "dependencies": {
        "@types/react": "*"
      }
    },
    "node_modules/@types/axios": {
      "version": "0.9.36",
      "resolved": "https://mirrors.tencent.com/npm/@types/axios/-/axios-0.9.36.tgz",
      "integrity": "sha512-NLOpedx9o+rxo/X5ChbdiX6mS1atE4WHmEEIcR9NLenRVa5HoVjAvjafwU3FPTqnZEstpoqCaW7fagqSoTDNeg==",
      "dev": true,
      "license": "MIT"
    },
    "node_modules/@types/react": {
      "version": "19.1.8",
      "resolved": "https://mirrors.tencent.com/npm/@types/react/-/react-19.1.8.tgz",
      "integrity": "sha512-AwAfQ2Wa5bCx9WP8nZL2uMZWod7J7/JSplxbTmBQ5ms6QpqNYm672H0Vu9ZVKVngQ+ii4R/byguVEUZQyeg44g==",
      "dev": true,
      "license": "MIT",
      "dependencies": {
        "csstype": "^3.0.2"
      }
    },
    "node_modules/csstype": {
      "version": "3.1.3",
      "resolved": "https://mirrors.tencent.com/npm/csstype/-/csstype-3.1.3.tgz",
      "integrity": "sha512-M1uQkMl8rQK/szD0LNhtqxIPLpimGm8sOBwU7lLnCpSbTyY3yeU1Vc7l4KT5zT4s/yOxHH5O7tIuuLOCnLADRw==",
      "dev": true,
      "license": "MIT"
    }
  }
}
